// !$*UTF8*$!
{
	archiveVersion = 1;
	classes = {
	};
	objectVersion = 56;
	objects = {

/* Begin PBXBuildFile section */
		393C69B82991340B0046ABAD /* SwiftUI_AppetizersApp.swift in Sources */ = {isa = PBXBuildFile; fileRef = 393C69B72991340B0046ABAD /* SwiftUI_AppetizersApp.swift */; };
		393C69BA2991340B0046ABAD /* SAAppetizerTabView.swift in Sources */ = {isa = PBXBuildFile; fileRef = 393C69B92991340B0046ABAD /* SAAppetizerTabView.swift */; };
		393C69BC2991340C0046ABAD /* Assets.xcassets in Resources */ = {isa = PBXBuildFile; fileRef = 393C69BB2991340C0046ABAD /* Assets.xcassets */; };
		393C69BF2991340C0046ABAD /* Preview Assets.xcassets in Resources */ = {isa = PBXBuildFile; fileRef = 393C69BE2991340C0046ABAD /* Preview Assets.xcassets */; };
		393C69C62991346C0046ABAD /* SAAppetizerListView.swift in Sources */ = {isa = PBXBuildFile; fileRef = 393C69C52991346C0046ABAD /* SAAppetizerListView.swift */; };
		393C69C8299134730046ABAD /* SAAccountView.swift in Sources */ = {isa = PBXBuildFile; fileRef = 393C69C7299134730046ABAD /* SAAccountView.swift */; };
		393C69CA2991347D0046ABAD /* SAOrderView.swift in Sources */ = {isa = PBXBuildFile; fileRef = 393C69C92991347D0046ABAD /* SAOrderView.swift */; };
		393C69D0299135C80046ABAD /* SAColorExtension.swift in Sources */ = {isa = PBXBuildFile; fileRef = 393C69CF299135C80046ABAD /* SAColorExtension.swift */; };
		393C69D229913EBA0046ABAD /* Appetizer.swift in Sources */ = {isa = PBXBuildFile; fileRef = 393C69D129913EBA0046ABAD /* Appetizer.swift */; };
		393C69D4299143A10046ABAD /* SAAppetizerListViewCell.swift in Sources */ = {isa = PBXBuildFile; fileRef = 393C69D3299143A10046ABAD /* SAAppetizerListViewCell.swift */; };
		39BE2EC4299505BB009806C6 /* SANetworkManager.swift in Sources */ = {isa = PBXBuildFile; fileRef = 39BE2EC3299505BB009806C6 /* SANetworkManager.swift */; };
		39BE2EC629950789009806C6 /* SAError.swift in Sources */ = {isa = PBXBuildFile; fileRef = 39BE2EC529950789009806C6 /* SAError.swift */; };
		39BE2EC829951C0B009806C6 /* SAListViewModel.swift in Sources */ = {isa = PBXBuildFile; fileRef = 39BE2EC729951C0B009806C6 /* SAListViewModel.swift */; };
		39BE2ECA29951DC0009806C6 /* SAAlert.swift in Sources */ = {isa = PBXBuildFile; fileRef = 39BE2EC929951DC0009806C6 /* SAAlert.swift */; };
		39BE2ED029953036009806C6 /* SAActivityIndicator.swift in Sources */ = {isa = PBXBuildFile; fileRef = 39BE2ECF29953036009806C6 /* SAActivityIndicator.swift */; };
		39BE2ED229953274009806C6 /* SALoadingView.swift in Sources */ = {isa = PBXBuildFile; fileRef = 39BE2ED129953274009806C6 /* SALoadingView.swift */; };
/* End PBXBuildFile section */

/* Begin PBXFileReference section */
		393C69B42991340B0046ABAD /* SwiftUI-Appetizers.app */ = {isa = PBXFileReference; explicitFileType = wrapper.application; includeInIndex = 0; path = "SwiftUI-Appetizers.app"; sourceTree = BUILT_PRODUCTS_DIR; };
		393C69B72991340B0046ABAD /* SwiftUI_AppetizersApp.swift */ = {isa = PBXFileReference; lastKnownFileType = sourcecode.swift; path = SwiftUI_AppetizersApp.swift; sourceTree = "<group>"; };
		393C69B92991340B0046ABAD /* SAAppetizerTabView.swift */ = {isa = PBXFileReference; lastKnownFileType = sourcecode.swift; path = SAAppetizerTabView.swift; sourceTree = "<group>"; };
		393C69BB2991340C0046ABAD /* Assets.xcassets */ = {isa = PBXFileReference; lastKnownFileType = folder.assetcatalog; path = Assets.xcassets; sourceTree = "<group>"; };
		393C69BE2991340C0046ABAD /* Preview Assets.xcassets */ = {isa = PBXFileReference; lastKnownFileType = folder.assetcatalog; path = "Preview Assets.xcassets"; sourceTree = "<group>"; };
		393C69C52991346C0046ABAD /* SAAppetizerListView.swift */ = {isa = PBXFileReference; lastKnownFileType = sourcecode.swift; path = SAAppetizerListView.swift; sourceTree = "<group>"; };
		393C69C7299134730046ABAD /* SAAccountView.swift */ = {isa = PBXFileReference; lastKnownFileType = sourcecode.swift; path = SAAccountView.swift; sourceTree = "<group>"; };
		393C69C92991347D0046ABAD /* SAOrderView.swift */ = {isa = PBXFileReference; lastKnownFileType = sourcecode.swift; path = SAOrderView.swift; sourceTree = "<group>"; };
		393C69CF299135C80046ABAD /* SAColorExtension.swift */ = {isa = PBXFileReference; lastKnownFileType = sourcecode.swift; path = SAColorExtension.swift; sourceTree = "<group>"; };
		393C69D129913EBA0046ABAD /* Appetizer.swift */ = {isa = PBXFileReference; lastKnownFileType = sourcecode.swift; path = Appetizer.swift; sourceTree = "<group>"; };
		393C69D3299143A10046ABAD /* SAAppetizerListViewCell.swift */ = {isa = PBXFileReference; lastKnownFileType = sourcecode.swift; path = SAAppetizerListViewCell.swift; sourceTree = "<group>"; };
		39BE2EC3299505BB009806C6 /* SANetworkManager.swift */ = {isa = PBXFileReference; lastKnownFileType = sourcecode.swift; path = SANetworkManager.swift; sourceTree = "<group>"; };
		39BE2EC529950789009806C6 /* SAError.swift */ = {isa = PBXFileReference; lastKnownFileType = sourcecode.swift; path = SAError.swift; sourceTree = "<group>"; };
		39BE2EC729951C0B009806C6 /* SAListViewModel.swift */ = {isa = PBXFileReference; lastKnownFileType = sourcecode.swift; path = SAListViewModel.swift; sourceTree = "<group>"; };
		39BE2EC929951DC0009806C6 /* SAAlert.swift */ = {isa = PBXFileReference; lastKnownFileType = sourcecode.swift; path = SAAlert.swift; sourceTree = "<group>"; };
		39BE2ECF29953036009806C6 /* SAActivityIndicator.swift */ = {isa = PBXFileReference; lastKnownFileType = sourcecode.swift; path = SAActivityIndicator.swift; sourceTree = "<group>"; };
		39BE2ED129953274009806C6 /* SALoadingView.swift */ = {isa = PBXFileReference; lastKnownFileType = sourcecode.swift; path = SALoadingView.swift; sourceTree = "<group>"; };
/* End PBXFileReference section */

/* Begin PBXFrameworksBuildPhase section */
		393C69B12991340B0046ABAD /* Frameworks */ = {
			isa = PBXFrameworksBuildPhase;
			buildActionMask = 2147483647;
			files = (
			);
			runOnlyForDeploymentPostprocessing = 0;
		};
/* End PBXFrameworksBuildPhase section */

/* Begin PBXGroup section */
		393C69AB2991340B0046ABAD = {
			isa = PBXGroup;
			children = (
				393C69B62991340B0046ABAD /* SwiftUI-Appetizers */,
				393C69B52991340B0046ABAD /* Products */,
			);
			sourceTree = "<group>";
		};
		393C69B52991340B0046ABAD /* Products */ = {
			isa = PBXGroup;
			children = (
				393C69B42991340B0046ABAD /* SwiftUI-Appetizers.app */,
			);
			name = Products;
			sourceTree = "<group>";
		};
		393C69B62991340B0046ABAD /* SwiftUI-Appetizers */ = {
			isa = PBXGroup;
			children = (
				393C69CE299135B70046ABAD /* Resources */,
				393C69CB299134870046ABAD /* Model */,
				393C69CC2991348E0046ABAD /* View */,
				393C69CD299134940046ABAD /* ViewModel */,
				393C69B72991340B0046ABAD /* SwiftUI_AppetizersApp.swift */,
				393C69BD2991340C0046ABAD /* Preview Content */,
			);
			path = "SwiftUI-Appetizers";
			sourceTree = "<group>";
		};
		393C69BD2991340C0046ABAD /* Preview Content */ = {
			isa = PBXGroup;
			children = (
				393C69BE2991340C0046ABAD /* Preview Assets.xcassets */,
			);
			path = "Preview Content";
			sourceTree = "<group>";
		};
		393C69CB299134870046ABAD /* Model */ = {
			isa = PBXGroup;
			children = (
				393C69D129913EBA0046ABAD /* Appetizer.swift */,
				39BE2EC3299505BB009806C6 /* SANetworkManager.swift */,
				39BE2EC529950789009806C6 /* SAError.swift */,
			);
			path = Model;
			sourceTree = "<group>";
		};
		393C69CC2991348E0046ABAD /* View */ = {
			isa = PBXGroup;
			children = (
				393C69B92991340B0046ABAD /* SAAppetizerTabView.swift */,
				393C69C52991346C0046ABAD /* SAAppetizerListView.swift */,
				393C69C7299134730046ABAD /* SAAccountView.swift */,
				393C69C92991347D0046ABAD /* SAOrderView.swift */,
				393C69D3299143A10046ABAD /* SAAppetizerListViewCell.swift */,
				39BE2ED129953274009806C6 /* SALoadingView.swift */,
			);
			path = View;
			sourceTree = "<group>";
		};
		393C69CD299134940046ABAD /* ViewModel */ = {
			isa = PBXGroup;
			children = (
				39BE2ECF29953036009806C6 /* SAActivityIndicator.swift */,
				39BE2EC729951C0B009806C6 /* SAListViewModel.swift */,
				39BE2EC929951DC0009806C6 /* SAAlert.swift */,
			);
			path = ViewModel;
			sourceTree = "<group>";
		};
		393C69CE299135B70046ABAD /* Resources */ = {
			isa = PBXGroup;
			children = (
				393C69BB2991340C0046ABAD /* Assets.xcassets */,
				393C69CF299135C80046ABAD /* SAColorExtension.swift */,
			);
			path = Resources;
			sourceTree = "<group>";
		};
/* End PBXGroup section */

/* Begin PBXNativeTarget section */
		393C69B32991340B0046ABAD /* SwiftUI-Appetizers */ = {
			isa = PBXNativeTarget;
			buildConfigurationList = 393C69C22991340C0046ABAD /* Build configuration list for PBXNativeTarget "SwiftUI-Appetizers" */;
			buildPhases = (
				393C69B02991340B0046ABAD /* Sources */,
				393C69B12991340B0046ABAD /* Frameworks */,
				393C69B22991340B0046ABAD /* Resources */,
			);
			buildRules = (
			);
			dependencies = (
			);
			name = "SwiftUI-Appetizers";
			productName = "SwiftUI-Appetizers";
			productReference = 393C69B42991340B0046ABAD /* SwiftUI-Appetizers.app */;
			productType = "com.apple.product-type.application";
		};
/* End PBXNativeTarget section */

/* Begin PBXProject section */
		393C69AC2991340B0046ABAD /* Project object */ = {
			isa = PBXProject;
			attributes = {
				BuildIndependentTargetsInParallel = 1;
				LastSwiftUpdateCheck = 1420;
				LastUpgradeCheck = 1420;
				TargetAttributes = {
					393C69B32991340B0046ABAD = {
						CreatedOnToolsVersion = 14.2;
					};
				};
			};
			buildConfigurationList = 393C69AF2991340B0046ABAD /* Build configuration list for PBXProject "SwiftUI-Appetizers" */;
			compatibilityVersion = "Xcode 14.0";
			developmentRegion = en;
			hasScannedForEncodings = 0;
			knownRegions = (
				en,
				Base,
			);
			mainGroup = 393C69AB2991340B0046ABAD;
			productRefGroup = 393C69B52991340B0046ABAD /* Products */;
			projectDirPath = "";
			projectRoot = "";
			targets = (
				393C69B32991340B0046ABAD /* SwiftUI-Appetizers */,
			);
		};
/* End PBXProject section */

/* Begin PBXResourcesBuildPhase section */
		393C69B22991340B0046ABAD /* Resources */ = {
			isa = PBXResourcesBuildPhase;
			buildActionMask = 2147483647;
			files = (
				393C69BF2991340C0046ABAD /* Preview Assets.xcassets in Resources */,
				393C69BC2991340C0046ABAD /* Assets.xcassets in Resources */,
			);
			runOnlyForDeploymentPostprocessing = 0;
		};
/* End PBXResourcesBuildPhase section */

/* Begin PBXSourcesBuildPhase section */
		393C69B02991340B0046ABAD /* Sources */ = {
			isa = PBXSourcesBuildPhase;
			buildActionMask = 2147483647;
			files = (
				39BE2ECA29951DC0009806C6 /* SAAlert.swift in Sources */,
				393C69BA2991340B0046ABAD /* SAAppetizerTabView.swift in Sources */,
				39BE2EC829951C0B009806C6 /* SAListViewModel.swift in Sources */,
				393C69D0299135C80046ABAD /* SAColorExtension.swift in Sources */,
				39BE2EC629950789009806C6 /* SAError.swift in Sources */,
				39BE2EC4299505BB009806C6 /* SANetworkManager.swift in Sources */,
				393C69B82991340B0046ABAD /* SwiftUI_AppetizersApp.swift in Sources */,
				393C69C8299134730046ABAD /* SAAccountView.swift in Sources */,
				393C69D229913EBA0046ABAD /* Appetizer.swift in Sources */,
				39BE2ED229953274009806C6 /* SALoadingView.swift in Sources */,
				39BE2ED029953036009806C6 /* SAActivityIndicator.swift in Sources */,
				393C69CA2991347D0046ABAD /* SAOrderView.swift in Sources */,
				393C69C62991346C0046ABAD /* SAAppetizerListView.swift in Sources */,
				393C69D4299143A10046ABAD /* SAAppetizerListViewCell.swift in Sources */,
			);
			runOnlyForDeploymentPostprocessing = 0;
		};
/* End PBXSourcesBuildPhase section */

/* Begin XCBuildConfiguration section */
		393C69C02991340C0046ABAD /* Debug */ = {
			isa = XCBuildConfiguration;
			buildSettings = {
				ALWAYS_SEARCH_USER_PATHS = NO;
				CLANG_ANALYZER_NONNULL = YES;
				CLANG_ANALYZER_NUMBER_OBJECT_CONVERSION = YES_AGGRESSIVE;
				CLANG_CXX_LANGUAGE_STANDARD = "gnu++20";
				CLANG_ENABLE_MODULES = YES;
				CLANG_ENABLE_OBJC_ARC = YES;
				CLANG_ENABLE_OBJC_WEAK = YES;
				CLANG_WARN_BLOCK_CAPTURE_AUTORELEASING = YES;
				CLANG_WARN_BOOL_CONVERSION = YES;
				CLANG_WARN_COMMA = YES;
				CLANG_WARN_CONSTANT_CONVERSION = YES;
				CLANG_WARN_DEPRECATED_OBJC_IMPLEMENTATIONS = YES;
				CLANG_WARN_DIRECT_OBJC_ISA_USAGE = YES_ERROR;
				CLANG_WARN_DOCUMENTATION_COMMENTS = YES;
				CLANG_WARN_EMPTY_BODY = YES;
				CLANG_WARN_ENUM_CONVERSION = YES;
				CLANG_WARN_INFINITE_RECURSION = YES;
				CLANG_WARN_INT_CONVERSION = YES;
				CLANG_WARN_NON_LITERAL_NULL_CONVERSION = YES;
				CLANG_WARN_OBJC_IMPLICIT_RETAIN_SELF = YES;
				CLANG_WARN_OBJC_LITERAL_CONVERSION = YES;
				CLANG_WARN_OBJC_ROOT_CLASS = YES_ERROR;
				CLANG_WARN_QUOTED_INCLUDE_IN_FRAMEWORK_HEADER = YES;
				CLANG_WARN_RANGE_LOOP_ANALYSIS = YES;
				CLANG_WARN_STRICT_PROTOTYPES = YES;
				CLANG_WARN_SUSPICIOUS_MOVE = YES;
				CLANG_WARN_UNGUARDED_AVAILABILITY = YES_AGGRESSIVE;
				CLANG_WARN_UNREACHABLE_CODE = YES;
				CLANG_WARN__DUPLICATE_METHOD_MATCH = YES;
				COPY_PHASE_STRIP = NO;
				DEBUG_INFORMATION_FORMAT = dwarf;
				ENABLE_STRICT_OBJC_MSGSEND = YES;
				ENABLE_TESTABILITY = YES;
				GCC_C_LANGUAGE_STANDARD = gnu11;
				GCC_DYNAMIC_NO_PIC = NO;
				GCC_NO_COMMON_BLOCKS = YES;
				GCC_OPTIMIZATION_LEVEL = 0;
				GCC_PREPROCESSOR_DEFINITIONS = (
					"DEBUG=1",
					"$(inherited)",
				);
				GCC_WARN_64_TO_32_BIT_CONVERSION = YES;
				GCC_WARN_ABOUT_RETURN_TYPE = YES_ERROR;
				GCC_WARN_UNDECLARED_SELECTOR = YES;
				GCC_WARN_UNINITIALIZED_AUTOS = YES_AGGRESSIVE;
				GCC_WARN_UNUSED_FUNCTION = YES;
				GCC_WARN_UNUSED_VARIABLE = YES;
				IPHONEOS_DEPLOYMENT_TARGET = 16.2;
				MTL_ENABLE_DEBUG_INFO = INCLUDE_SOURCE;
				MTL_FAST_MATH = YES;
				ONLY_ACTIVE_ARCH = YES;
				SDKROOT = iphoneos;
				SWIFT_ACTIVE_COMPILATION_CONDITIONS = DEBUG;
				SWIFT_OPTIMIZATION_LEVEL = "-Onone";
			};
			name = Debug;
		};
		393C69C12991340C0046ABAD /* Release */ = {
			isa = XCBuildConfiguration;
			buildSettings = {
				ALWAYS_SEARCH_USER_PATHS = NO;
				CLANG_ANALYZER_NONNULL = YES;
				CLANG_ANALYZER_NUMBER_OBJECT_CONVERSION = YES_AGGRESSIVE;
				CLANG_CXX_LANGUAGE_STANDARD = "gnu++20";
				CLANG_ENABLE_MODULES = YES;
				CLANG_ENABLE_OBJC_ARC = YES;
				CLANG_ENABLE_OBJC_WEAK = YES;
				CLANG_WARN_BLOCK_CAPTURE_AUTORELEASING = YES;
				CLANG_WARN_BOOL_CONVERSION = YES;
				CLANG_WARN_COMMA = YES;
				CLANG_WARN_CONSTANT_CONVERSION = YES;
				CLANG_WARN_DEPRECATED_OBJC_IMPLEMENTATIONS = YES;
				CLANG_WARN_DIRECT_OBJC_ISA_USAGE = YES_ERROR;
				CLANG_WARN_DOCUMENTATION_COMMENTS = YES;
				CLANG_WARN_EMPTY_BODY = YES;
				CLANG_WARN_ENUM_CONVERSION = YES;
				CLANG_WARN_INFINITE_RECURSION = YES;
				CLANG_WARN_INT_CONVERSION = YES;
				CLANG_WARN_NON_LITERAL_NULL_CONVERSION = YES;
				CLANG_WARN_OBJC_IMPLICIT_RETAIN_SELF = YES;
				CLANG_WARN_OBJC_LITERAL_CONVERSION = YES;
				CLANG_WARN_OBJC_ROOT_CLASS = YES_ERROR;
				CLANG_WARN_QUOTED_INCLUDE_IN_FRAMEWORK_HEADER = YES;
				CLANG_WARN_RANGE_LOOP_ANALYSIS = YES;
				CLANG_WARN_STRICT_PROTOTYPES = YES;
				CLANG_WARN_SUSPICIOUS_MOVE = YES;
				CLANG_WARN_UNGUARDED_AVAILABILITY = YES_AGGRESSIVE;
				CLANG_WARN_UNREACHABLE_CODE = YES;
				CLANG_WARN__DUPLICATE_METHOD_MATCH = YES;
				COPY_PHASE_STRIP = NO;
				DEBUG_INFORMATION_FORMAT = "dwarf-with-dsym";
				ENABLE_NS_ASSERTIONS = NO;
				ENABLE_STRICT_OBJC_MSGSEND = YES;
				GCC_C_LANGUAGE_STANDARD = gnu11;
				GCC_NO_COMMON_BLOCKS = YES;
				GCC_WARN_64_TO_32_BIT_CONVERSION = YES;
				GCC_WARN_ABOUT_RETURN_TYPE = YES_ERROR;
				GCC_WARN_UNDECLARED_SELECTOR = YES;
				GCC_WARN_UNINITIALIZED_AUTOS = YES_AGGRESSIVE;
				GCC_WARN_UNUSED_FUNCTION = YES;
				GCC_WARN_UNUSED_VARIABLE = YES;
				IPHONEOS_DEPLOYMENT_TARGET = 16.2;
				MTL_ENABLE_DEBUG_INFO = NO;
				MTL_FAST_MATH = YES;
				SDKROOT = iphoneos;
				SWIFT_COMPILATION_MODE = wholemodule;
				SWIFT_OPTIMIZATION_LEVEL = "-O";
				VALIDATE_PRODUCT = YES;
			};
			name = Release;
		};
		393C69C32991340C0046ABAD /* Debug */ = {
			isa = XCBuildConfiguration;
			buildSettings = {
				ASSETCATALOG_COMPILER_APPICON_NAME = AppIcon;
				ASSETCATALOG_COMPILER_GLOBAL_ACCENT_COLOR_NAME = AccentColor;
				CODE_SIGN_STYLE = Automatic;
				CURRENT_PROJECT_VERSION = 1;
				DEVELOPMENT_ASSET_PATHS = "\"SwiftUI-Appetizers/Preview Content\"";
				DEVELOPMENT_TEAM = L25LXZY6LR;
				ENABLE_PREVIEWS = YES;
				GENERATE_INFOPLIST_FILE = YES;
				INFOPLIST_KEY_UIApplicationSceneManifest_Generation = YES;
				INFOPLIST_KEY_UIApplicationSupportsIndirectInputEvents = YES;
				INFOPLIST_KEY_UILaunchScreen_Generation = YES;
				INFOPLIST_KEY_UISupportedInterfaceOrientations_iPad = "UIInterfaceOrientationPortrait UIInterfaceOrientationPortraitUpsideDown UIInterfaceOrientationLandscapeLeft UIInterfaceOrientationLandscapeRight";
				INFOPLIST_KEY_UISupportedInterfaceOrientations_iPhone = "UIInterfaceOrientationPortrait UIInterfaceOrientationLandscapeLeft UIInterfaceOrientationLandscapeRight";
				LD_RUNPATH_SEARCH_PATHS = (
					"$(inherited)",
					"@executable_path/Frameworks",
				);
				MARKETING_VERSION = 1.0;
				PRODUCT_BUNDLE_IDENTIFIER = "com.danielkarath.SwiftUI-Appetizers";
				PRODUCT_NAME = "$(TARGET_NAME)";
				SWIFT_EMIT_LOC_STRINGS = YES;
				SWIFT_VERSION = 5.0;
				TARGETED_DEVICE_FAMILY = "1,2";
			};
			name = Debug;
		};
		393C69C42991340C0046ABAD /* Release */ = {
			isa = XCBuildConfiguration;
			buildSettings = {
				ASSETCATALOG_COMPILER_APPICON_NAME = AppIcon;
				ASSETCATALOG_COMPILER_GLOBAL_ACCENT_COLOR_NAME = AccentColor;
				CODE_SIGN_STYLE = Automatic;
				CURRENT_PROJECT_VERSION = 1;
				DEVELOPMENT_ASSET_PATHS = "\"SwiftUI-Appetizers/Preview Content\"";
				DEVELOPMENT_TEAM = L25LXZY6LR;
				ENABLE_PREVIEWS = YES;
				GENERATE_INFOPLIST_FILE = YES;
				INFOPLIST_KEY_UIApplicationSceneManifest_Generation = YES;
				INFOPLIST_KEY_UIApplicationSupportsIndirectInputEvents = YES;
				INFOPLIST_KEY_UILaunchScreen_Generation = YES;
				INFOPLIST_KEY_UISupportedInterfaceOrientations_iPad = "UIInterfaceOrientationPortrait UIInterfaceOrientationPortraitUpsideDown UIInterfaceOrientationLandscapeLeft UIInterfaceOrientationLandscapeRight";
				INFOPLIST_KEY_UISupportedInterfaceOrientations_iPhone = "UIInterfaceOrientationPortrait UIInterfaceOrientationLandscapeLeft UIInterfaceOrientationLandscapeRight";
				LD_RUNPATH_SEARCH_PATHS = (
					"$(inherited)",
					"@executable_path/Frameworks",
				);
				MARKETING_VERSION = 1.0;
				PRODUCT_BUNDLE_IDENTIFIER = "com.danielkarath.SwiftUI-Appetizers";
				PRODUCT_NAME = "$(TARGET_NAME)";
				SWIFT_EMIT_LOC_STRINGS = YES;
				SWIFT_VERSION = 5.0;
				TARGETED_DEVICE_FAMILY = "1,2";
			};
			name = Release;
		};
/* End XCBuildConfiguration section */

/* Begin XCConfigurationList section */
		393C69AF2991340B0046ABAD /* Build configuration list for PBXProject "SwiftUI-Appetizers" */ = {
			isa = XCConfigurationList;
			buildConfigurations = (
				393C69C02991340C0046ABAD /* Debug */,
				393C69C12991340C0046ABAD /* Release */,
			);
			defaultConfigurationIsVisible = 0;
			defaultConfigurationName = Release;
		};
		393C69C22991340C0046ABAD /* Build configuration list for PBXNativeTarget "SwiftUI-Appetizers" */ = {
			isa = XCConfigurationList;
			buildConfigurations = (
				393C69C32991340C0046ABAD /* Debug */,
				393C69C42991340C0046ABAD /* Release */,
			);
			defaultConfigurationIsVisible = 0;
			defaultConfigurationName = Release;
		};
/* End XCConfigurationList section */
	};
	rootObject = 393C69AC2991340B0046ABAD /* Project object */;
}
